// !$*UTF8*$!
{
	archiveVersion = 1;
	classes = {
	};
	objectVersion = 56;
	objects = {

/* Begin PBXBuildFile section */
		EC9B325A2C25906300B4A295 /* MeetingView.swift in Sources */ = {isa = PBXBuildFile; fileRef = EC9B32592C25906300B4A295 /* MeetingView.swift */; };
		EC9B325E2C25AEAE00B4A295 /* Theme.swift in Sources */ = {isa = PBXBuildFile; fileRef = EC9B325D2C25AEAE00B4A295 /* Theme.swift */; };
		EC9B32602C25AF8E00B4A295 /* DailyScrum.swift in Sources */ = {isa = PBXBuildFile; fileRef = EC9B325F2C25AF8E00B4A295 /* DailyScrum.swift */; };
		EC9B32622C25B14300B4A295 /* CardView.swift in Sources */ = {isa = PBXBuildFile; fileRef = EC9B32612C25B14300B4A295 /* CardView.swift */; };
		EC9B32642C25B7D700B4A295 /* TrailingIconLabelStyle.swift in Sources */ = {isa = PBXBuildFile; fileRef = EC9B32632C25B7D700B4A295 /* TrailingIconLabelStyle.swift */; };
		ECAB0EE22C19DA7E0043C755 /* WeatherApp.swift in Sources */ = {isa = PBXBuildFile; fileRef = ECAB0EE12C19DA7E0043C755 /* WeatherApp.swift */; };
		ECC6C5D12C15FA010014F070 /* ScrumdingerApp.swift in Sources */ = {isa = PBXBuildFile; fileRef = ECC6C5D02C15FA010014F070 /* ScrumdingerApp.swift */; };
		ECC6C5D52C15FA020014F070 /* Assets.xcassets in Resources */ = {isa = PBXBuildFile; fileRef = ECC6C5D42C15FA020014F070 /* Assets.xcassets */; };
		ECC6C5D82C15FA020014F070 /* Preview Assets.xcassets in Resources */ = {isa = PBXBuildFile; fileRef = ECC6C5D72C15FA020014F070 /* Preview Assets.xcassets */; };
		ECC6C5E22C15FA020014F070 /* ScrumdingerTests.swift in Sources */ = {isa = PBXBuildFile; fileRef = ECC6C5E12C15FA020014F070 /* ScrumdingerTests.swift */; };
		ECC6C5EC2C15FA020014F070 /* ScrumdingerUITests.swift in Sources */ = {isa = PBXBuildFile; fileRef = ECC6C5EB2C15FA020014F070 /* ScrumdingerUITests.swift */; };
		ECC6C5EE2C15FA020014F070 /* ScrumdingerUITestsLaunchTests.swift in Sources */ = {isa = PBXBuildFile; fileRef = ECC6C5ED2C15FA020014F070 /* ScrumdingerUITestsLaunchTests.swift */; };
/* End PBXBuildFile section */

/* Begin PBXContainerItemProxy section */
		ECC6C5DE2C15FA020014F070 /* PBXContainerItemProxy */ = {
			isa = PBXContainerItemProxy;
			containerPortal = ECC6C5C52C15FA010014F070 /* Project object */;
			proxyType = 1;
			remoteGlobalIDString = ECC6C5CC2C15FA010014F070;
			remoteInfo = Scrumdinger;
		};
		ECC6C5E82C15FA020014F070 /* PBXContainerItemProxy */ = {
			isa = PBXContainerItemProxy;
			containerPortal = ECC6C5C52C15FA010014F070 /* Project object */;
			proxyType = 1;
			remoteGlobalIDString = ECC6C5CC2C15FA010014F070;
			remoteInfo = Scrumdinger;
		};
/* End PBXContainerItemProxy section */

/* Begin PBXFileReference section */
		EC9B32592C25906300B4A295 /* MeetingView.swift */ = {isa = PBXFileReference; lastKnownFileType = sourcecode.swift; path = MeetingView.swift; sourceTree = "<group>"; };
		EC9B325D2C25AEAE00B4A295 /* Theme.swift */ = {isa = PBXFileReference; lastKnownFileType = sourcecode.swift; path = Theme.swift; sourceTree = "<group>"; };
		EC9B325F2C25AF8E00B4A295 /* DailyScrum.swift */ = {isa = PBXFileReference; lastKnownFileType = sourcecode.swift; path = DailyScrum.swift; sourceTree = "<group>"; };
		EC9B32612C25B14300B4A295 /* CardView.swift */ = {isa = PBXFileReference; lastKnownFileType = sourcecode.swift; path = CardView.swift; sourceTree = "<group>"; };
		EC9B32632C25B7D700B4A295 /* TrailingIconLabelStyle.swift */ = {isa = PBXFileReference; lastKnownFileType = sourcecode.swift; path = TrailingIconLabelStyle.swift; sourceTree = "<group>"; };
		ECAB0EE12C19DA7E0043C755 /* WeatherApp.swift */ = {isa = PBXFileReference; lastKnownFileType = sourcecode.swift; path = WeatherApp.swift; sourceTree = "<group>"; };
		ECC6C5CD2C15FA010014F070 /* Scrumdinger.app */ = {isa = PBXFileReference; explicitFileType = wrapper.application; includeInIndex = 0; path = Scrumdinger.app; sourceTree = BUILT_PRODUCTS_DIR; };
		ECC6C5D02C15FA010014F070 /* ScrumdingerApp.swift */ = {isa = PBXFileReference; lastKnownFileType = sourcecode.swift; path = ScrumdingerApp.swift; sourceTree = "<group>"; };
		ECC6C5D42C15FA020014F070 /* Assets.xcassets */ = {isa = PBXFileReference; lastKnownFileType = folder.assetcatalog; path = Assets.xcassets; sourceTree = "<group>"; };
		ECC6C5D72C15FA020014F070 /* Preview Assets.xcassets */ = {isa = PBXFileReference; lastKnownFileType = folder.assetcatalog; path = "Preview Assets.xcassets"; sourceTree = "<group>"; };
		ECC6C5DD2C15FA020014F070 /* ScrumdingerTests.xctest */ = {isa = PBXFileReference; explicitFileType = wrapper.cfbundle; includeInIndex = 0; path = ScrumdingerTests.xctest; sourceTree = BUILT_PRODUCTS_DIR; };
		ECC6C5E12C15FA020014F070 /* ScrumdingerTests.swift */ = {isa = PBXFileReference; lastKnownFileType = sourcecode.swift; path = ScrumdingerTests.swift; sourceTree = "<group>"; };
		ECC6C5E72C15FA020014F070 /* ScrumdingerUITests.xctest */ = {isa = PBXFileReference; explicitFileType = wrapper.cfbundle; includeInIndex = 0; path = ScrumdingerUITests.xctest; sourceTree = BUILT_PRODUCTS_DIR; };
		ECC6C5EB2C15FA020014F070 /* ScrumdingerUITests.swift */ = {isa = PBXFileReference; lastKnownFileType = sourcecode.swift; path = ScrumdingerUITests.swift; sourceTree = "<group>"; };
		ECC6C5ED2C15FA020014F070 /* ScrumdingerUITestsLaunchTests.swift */ = {isa = PBXFileReference; lastKnownFileType = sourcecode.swift; path = ScrumdingerUITestsLaunchTests.swift; sourceTree = "<group>"; };
/* End PBXFileReference section */

/* Begin PBXFrameworksBuildPhase section */
		ECC6C5CA2C15FA010014F070 /* Frameworks */ = {
			isa = PBXFrameworksBuildPhase;
			buildActionMask = 2147483647;
			files = (
			);
			runOnlyForDeploymentPostprocessing = 0;
		};
		ECC6C5DA2C15FA020014F070 /* Frameworks */ = {
			isa = PBXFrameworksBuildPhase;
			buildActionMask = 2147483647;
			files = (
			);
			runOnlyForDeploymentPostprocessing = 0;
		};
		ECC6C5E42C15FA020014F070 /* Frameworks */ = {
			isa = PBXFrameworksBuildPhase;
			buildActionMask = 2147483647;
			files = (
			);
			runOnlyForDeploymentPostprocessing = 0;
		};
/* End PBXFrameworksBuildPhase section */

/* Begin PBXGroup section */
		EC9B325B2C25AE6400B4A295 /* Models */ = {
			isa = PBXGroup;
			children = (
				EC9B325D2C25AEAE00B4A295 /* Theme.swift */,
				EC9B325F2C25AF8E00B4A295 /* DailyScrum.swift */,
			);
			path = Models;
			sourceTree = "<group>";
		};
		ECC6C5C42C15FA010014F070 = {
			isa = PBXGroup;
			children = (
				ECC6C5CF2C15FA010014F070 /* Scrumdinger */,
				ECC6C5E02C15FA020014F070 /* ScrumdingerTests */,
				ECC6C5EA2C15FA020014F070 /* ScrumdingerUITests */,
				ECC6C5CE2C15FA010014F070 /* Products */,
			);
			sourceTree = "<group>";
		};
		ECC6C5CE2C15FA010014F070 /* Products */ = {
			isa = PBXGroup;
			children = (
				ECC6C5CD2C15FA010014F070 /* Scrumdinger.app */,
				ECC6C5DD2C15FA020014F070 /* ScrumdingerTests.xctest */,
				ECC6C5E72C15FA020014F070 /* ScrumdingerUITests.xctest */,
			);
			name = Products;
			sourceTree = "<group>";
		};
		ECC6C5CF2C15FA010014F070 /* Scrumdinger */ = {
			isa = PBXGroup;
			children = (
				EC9B325B2C25AE6400B4A295 /* Models */,
				ECC6C5D02C15FA010014F070 /* ScrumdingerApp.swift */,
				EC9B32612C25B14300B4A295 /* CardView.swift */,
				EC9B32592C25906300B4A295 /* MeetingView.swift */,
				ECAB0EE12C19DA7E0043C755 /* WeatherApp.swift */,
				ECC6C5D42C15FA020014F070 /* Assets.xcassets */,
				ECC6C5D62C15FA020014F070 /* Preview Content */,
				EC9B32632C25B7D700B4A295 /* TrailingIconLabelStyle.swift */,
			);
			path = Scrumdinger;
			sourceTree = "<group>";
		};
		ECC6C5D62C15FA020014F070 /* Preview Content */ = {
			isa = PBXGroup;
			children = (
				ECC6C5D72C15FA020014F070 /* Preview Assets.xcassets */,
			);
			path = "Preview Content";
			sourceTree = "<group>";
		};
		ECC6C5E02C15FA020014F070 /* ScrumdingerTests */ = {
			isa = PBXGroup;
			children = (
				ECC6C5E12C15FA020014F070 /* ScrumdingerTests.swift */,
			);
			path = ScrumdingerTests;
			sourceTree = "<group>";
		};
		ECC6C5EA2C15FA020014F070 /* ScrumdingerUITests */ = {
			isa = PBXGroup;
			children = (
				ECC6C5EB2C15FA020014F070 /* ScrumdingerUITests.swift */,
				ECC6C5ED2C15FA020014F070 /* ScrumdingerUITestsLaunchTests.swift */,
			);
			path = ScrumdingerUITests;
			sourceTree = "<group>";
		};
/* End PBXGroup section */

/* Begin PBXNativeTarget section */
		ECC6C5CC2C15FA010014F070 /* Scrumdinger */ = {
			isa = PBXNativeTarget;
			buildConfigurationList = ECC6C5F12C15FA020014F070 /* Build configuration list for PBXNativeTarget "Scrumdinger" */;
			buildPhases = (
				ECC6C5C92C15FA010014F070 /* Sources */,
				ECC6C5CA2C15FA010014F070 /* Frameworks */,
				ECC6C5CB2C15FA010014F070 /* Resources */,
			);
			buildRules = (
			);
			dependencies = (
			);
			name = Scrumdinger;
			productName = Scrumdinger;
			productReference = ECC6C5CD2C15FA010014F070 /* Scrumdinger.app */;
			productType = "com.apple.product-type.application";
		};
		ECC6C5DC2C15FA020014F070 /* ScrumdingerTests */ = {
			isa = PBXNativeTarget;
			buildConfigurationList = ECC6C5F42C15FA020014F070 /* Build configuration list for PBXNativeTarget "ScrumdingerTests" */;
			buildPhases = (
				ECC6C5D92C15FA020014F070 /* Sources */,
				ECC6C5DA2C15FA020014F070 /* Frameworks */,
				ECC6C5DB2C15FA020014F070 /* Resources */,
			);
			buildRules = (
			);
			dependencies = (
				ECC6C5DF2C15FA020014F070 /* PBXTargetDependency */,
			);
			name = ScrumdingerTests;
			productName = ScrumdingerTests;
			productReference = ECC6C5DD2C15FA020014F070 /* ScrumdingerTests.xctest */;
			productType = "com.apple.product-type.bundle.unit-test";
		};
		ECC6C5E62C15FA020014F070 /* ScrumdingerUITests */ = {
			isa = PBXNativeTarget;
			buildConfigurationList = ECC6C5F72C15FA020014F070 /* Build configuration list for PBXNativeTarget "ScrumdingerUITests" */;
			buildPhases = (
				ECC6C5E32C15FA020014F070 /* Sources */,
				ECC6C5E42C15FA020014F070 /* Frameworks */,
				ECC6C5E52C15FA020014F070 /* Resources */,
			);
			buildRules = (
			);
			dependencies = (
				ECC6C5E92C15FA020014F070 /* PBXTargetDependency */,
			);
			name = ScrumdingerUITests;
			productName = ScrumdingerUITests;
			productReference = ECC6C5E72C15FA020014F070 /* ScrumdingerUITests.xctest */;
			productType = "com.apple.product-type.bundle.ui-testing";
		};
/* End PBXNativeTarget section */

/* Begin PBXProject section */
		ECC6C5C52C15FA010014F070 /* Project object */ = {
			isa = PBXProject;
			attributes = {
				BuildIndependentTargetsInParallel = 1;
				LastSwiftUpdateCheck = 1540;
				LastUpgradeCheck = 1540;
				TargetAttributes = {
					ECC6C5CC2C15FA010014F070 = {
						CreatedOnToolsVersion = 15.4;
					};
					ECC6C5DC2C15FA020014F070 = {
						CreatedOnToolsVersion = 15.4;
						TestTargetID = ECC6C5CC2C15FA010014F070;
					};
					ECC6C5E62C15FA020014F070 = {
						CreatedOnToolsVersion = 15.4;
						TestTargetID = ECC6C5CC2C15FA010014F070;
					};
				};
			};
			buildConfigurationList = ECC6C5C82C15FA010014F070 /* Build configuration list for PBXProject "Scrumdinger" */;
			compatibilityVersion = "Xcode 14.0";
			developmentRegion = en;
			hasScannedForEncodings = 0;
			knownRegions = (
				en,
				Base,
			);
			mainGroup = ECC6C5C42C15FA010014F070;
			productRefGroup = ECC6C5CE2C15FA010014F070 /* Products */;
			projectDirPath = "";
			projectRoot = "";
			targets = (
				ECC6C5CC2C15FA010014F070 /* Scrumdinger */,
				ECC6C5DC2C15FA020014F070 /* ScrumdingerTests */,
				ECC6C5E62C15FA020014F070 /* ScrumdingerUITests */,
			);
		};
/* End PBXProject section */

/* Begin PBXResourcesBuildPhase section */
		ECC6C5CB2C15FA010014F070 /* Resources */ = {
			isa = PBXResourcesBuildPhase;
			buildActionMask = 2147483647;
			files = (
				ECC6C5D82C15FA020014F070 /* Preview Assets.xcassets in Resources */,
				ECC6C5D52C15FA020014F070 /* Assets.xcassets in Resources */,
			);
			runOnlyForDeploymentPostprocessing = 0;
		};
		ECC6C5DB2C15FA020014F070 /* Resources */ = {
			isa = PBXResourcesBuildPhase;
			buildActionMask = 2147483647;
			files = (
			);
			runOnlyForDeploymentPostprocessing = 0;
		};
		ECC6C5E52C15FA020014F070 /* Resources */ = {
			isa = PBXResourcesBuildPhase;
			buildActionMask = 2147483647;
			files = (
			);
			runOnlyForDeploymentPostprocessing = 0;
		};
/* End PBXResourcesBuildPhase section */

/* Begin PBXSourcesBuildPhase section */
		ECC6C5C92C15FA010014F070 /* Sources */ = {
			isa = PBXSourcesBuildPhase;
			buildActionMask = 2147483647;
			files = (
				EC9B32602C25AF8E00B4A295 /* DailyScrum.swift in Sources */,
				ECAB0EE22C19DA7E0043C755 /* WeatherApp.swift in Sources */,
				EC9B325E2C25AEAE00B4A295 /* Theme.swift in Sources */,
				ECC6C5D12C15FA010014F070 /* ScrumdingerApp.swift in Sources */,
				EC9B32622C25B14300B4A295 /* CardView.swift in Sources */,
				EC9B325A2C25906300B4A295 /* MeetingView.swift in Sources */,
				EC9B32642C25B7D700B4A295 /* TrailingIconLabelStyle.swift in Sources */,
			);
			runOnlyForDeploymentPostprocessing = 0;
		};
		ECC6C5D92C15FA020014F070 /* Sources */ = {
			isa = PBXSourcesBuildPhase;
			buildActionMask = 2147483647;
			files = (
				ECC6C5E22C15FA020014F070 /* ScrumdingerTests.swift in Sources */,
			);
			runOnlyForDeploymentPostprocessing = 0;
		};
		ECC6C5E32C15FA020014F070 /* Sources */ = {
			isa = PBXSourcesBuildPhase;
			buildActionMask = 2147483647;
			files = (
				ECC6C5EE2C15FA020014F070 /* ScrumdingerUITestsLaunchTests.swift in Sources */,
				ECC6C5EC2C15FA020014F070 /* ScrumdingerUITests.swift in Sources */,
			);
			runOnlyForDeploymentPostprocessing = 0;
		};
/* End PBXSourcesBuildPhase section */

/* Begin PBXTargetDependency section */
		ECC6C5DF2C15FA020014F070 /* PBXTargetDependency */ = {
			isa = PBXTargetDependency;
			target = ECC6C5CC2C15FA010014F070 /* Scrumdinger */;
			targetProxy = ECC6C5DE2C15FA020014F070 /* PBXContainerItemProxy */;
		};
		ECC6C5E92C15FA020014F070 /* PBXTargetDependency */ = {
			isa = PBXTargetDependency;
			target = ECC6C5CC2C15FA010014F070 /* Scrumdinger */;
			targetProxy = ECC6C5E82C15FA020014F070 /* PBXContainerItemProxy */;
		};
/* End PBXTargetDependency section */

/* Begin XCBuildConfiguration section */
		ECC6C5EF2C15FA020014F070 /* Debug */ = {
			isa = XCBuildConfiguration;
			buildSettings = {
				ALWAYS_SEARCH_USER_PATHS = NO;
				ASSETCATALOG_COMPILER_GENERATE_SWIFT_ASSET_SYMBOL_EXTENSIONS = YES;
				CLANG_ANALYZER_NONNULL = YES;
				CLANG_ANALYZER_NUMBER_OBJECT_CONVERSION = YES_AGGRESSIVE;
				CLANG_CXX_LANGUAGE_STANDARD = "gnu++20";
				CLANG_ENABLE_MODULES = YES;
				CLANG_ENABLE_OBJC_ARC = YES;
				CLANG_ENABLE_OBJC_WEAK = YES;
				CLANG_WARN_BLOCK_CAPTURE_AUTORELEASING = YES;
				CLANG_WARN_BOOL_CONVERSION = YES;
				CLANG_WARN_COMMA = YES;
				CLANG_WARN_CONSTANT_CONVERSION = YES;
				CLANG_WARN_DEPRECATED_OBJC_IMPLEMENTATIONS = YES;
				CLANG_WARN_DIRECT_OBJC_ISA_USAGE = YES_ERROR;
				CLANG_WARN_DOCUMENTATION_COMMENTS = YES;
				CLANG_WARN_EMPTY_BODY = YES;
				CLANG_WARN_ENUM_CONVERSION = YES;
				CLANG_WARN_INFINITE_RECURSION = YES;
				CLANG_WARN_INT_CONVERSION = YES;
				CLANG_WARN_NON_LITERAL_NULL_CONVERSION = YES;
				CLANG_WARN_OBJC_IMPLICIT_RETAIN_SELF = YES;
				CLANG_WARN_OBJC_LITERAL_CONVERSION = YES;
				CLANG_WARN_OBJC_ROOT_CLASS = YES_ERROR;
				CLANG_WARN_QUOTED_INCLUDE_IN_FRAMEWORK_HEADER = YES;
				CLANG_WARN_RANGE_LOOP_ANALYSIS = YES;
				CLANG_WARN_STRICT_PROTOTYPES = YES;
				CLANG_WARN_SUSPICIOUS_MOVE = YES;
				CLANG_WARN_UNGUARDED_AVAILABILITY = YES_AGGRESSIVE;
				CLANG_WARN_UNREACHABLE_CODE = YES;
				CLANG_WARN__DUPLICATE_METHOD_MATCH = YES;
				COPY_PHASE_STRIP = NO;
				DEBUG_INFORMATION_FORMAT = dwarf;
				ENABLE_STRICT_OBJC_MSGSEND = YES;
				ENABLE_TESTABILITY = YES;
				ENABLE_USER_SCRIPT_SANDBOXING = YES;
				GCC_C_LANGUAGE_STANDARD = gnu17;
				GCC_DYNAMIC_NO_PIC = NO;
				GCC_NO_COMMON_BLOCKS = YES;
				GCC_OPTIMIZATION_LEVEL = 0;
				GCC_PREPROCESSOR_DEFINITIONS = (
					"DEBUG=1",
					"$(inherited)",
				);
				GCC_WARN_64_TO_32_BIT_CONVERSION = YES;
				GCC_WARN_ABOUT_RETURN_TYPE = YES_ERROR;
				GCC_WARN_UNDECLARED_SELECTOR = YES;
				GCC_WARN_UNINITIALIZED_AUTOS = YES_AGGRESSIVE;
				GCC_WARN_UNUSED_FUNCTION = YES;
				GCC_WARN_UNUSED_VARIABLE = YES;
				IPHONEOS_DEPLOYMENT_TARGET = 17.5;
				LOCALIZATION_PREFERS_STRING_CATALOGS = YES;
				MTL_ENABLE_DEBUG_INFO = INCLUDE_SOURCE;
				MTL_FAST_MATH = YES;
				ONLY_ACTIVE_ARCH = YES;
				SDKROOT = iphoneos;
				SWIFT_ACTIVE_COMPILATION_CONDITIONS = "DEBUG $(inherited)";
				SWIFT_OPTIMIZATION_LEVEL = "-Onone";
			};
			name = Debug;
		};
		ECC6C5F02C15FA020014F070 /* Release */ = {
			isa = XCBuildConfiguration;
			buildSettings = {
				ALWAYS_SEARCH_USER_PATHS = NO;
				ASSETCATALOG_COMPILER_GENERATE_SWIFT_ASSET_SYMBOL_EXTENSIONS = YES;
				CLANG_ANALYZER_NONNULL = YES;
				CLANG_ANALYZER_NUMBER_OBJECT_CONVERSION = YES_AGGRESSIVE;
				CLANG_CXX_LANGUAGE_STANDARD = "gnu++20";
				CLANG_ENABLE_MODULES = YES;
				CLANG_ENABLE_OBJC_ARC = YES;
				CLANG_ENABLE_OBJC_WEAK = YES;
				CLANG_WARN_BLOCK_CAPTURE_AUTORELEASING = YES;
				CLANG_WARN_BOOL_CONVERSION = YES;
				CLANG_WARN_COMMA = YES;
				CLANG_WARN_CONSTANT_CONVERSION = YES;
				CLANG_WARN_DEPRECATED_OBJC_IMPLEMENTATIONS = YES;
				CLANG_WARN_DIRECT_OBJC_ISA_USAGE = YES_ERROR;
				CLANG_WARN_DOCUMENTATION_COMMENTS = YES;
				CLANG_WARN_EMPTY_BODY = YES;
				CLANG_WARN_ENUM_CONVERSION = YES;
				CLANG_WARN_INFINITE_RECURSION = YES;
				CLANG_WARN_INT_CONVERSION = YES;
				CLANG_WARN_NON_LITERAL_NULL_CONVERSION = YES;
				CLANG_WARN_OBJC_IMPLICIT_RETAIN_SELF = YES;
				CLANG_WARN_OBJC_LITERAL_CONVERSION = YES;
				CLANG_WARN_OBJC_ROOT_CLASS = YES_ERROR;
				CLANG_WARN_QUOTED_INCLUDE_IN_FRAMEWORK_HEADER = YES;
				CLANG_WARN_RANGE_LOOP_ANALYSIS = YES;
				CLANG_WARN_STRICT_PROTOTYPES = YES;
				CLANG_WARN_SUSPICIOUS_MOVE = YES;
				CLANG_WARN_UNGUARDED_AVAILABILITY = YES_AGGRESSIVE;
				CLANG_WARN_UNREACHABLE_CODE = YES;
				CLANG_WARN__DUPLICATE_METHOD_MATCH = YES;
				COPY_PHASE_STRIP = NO;
				DEBUG_INFORMATION_FORMAT = "dwarf-with-dsym";
				ENABLE_NS_ASSERTIONS = NO;
				ENABLE_STRICT_OBJC_MSGSEND = YES;
				ENABLE_USER_SCRIPT_SANDBOXING = YES;
				GCC_C_LANGUAGE_STANDARD = gnu17;
				GCC_NO_COMMON_BLOCKS = YES;
				GCC_WARN_64_TO_32_BIT_CONVERSION = YES;
				GCC_WARN_ABOUT_RETURN_TYPE = YES_ERROR;
				GCC_WARN_UNDECLARED_SELECTOR = YES;
				GCC_WARN_UNINITIALIZED_AUTOS = YES_AGGRESSIVE;
				GCC_WARN_UNUSED_FUNCTION = YES;
				GCC_WARN_UNUSED_VARIABLE = YES;
				IPHONEOS_DEPLOYMENT_TARGET = 17.5;
				LOCALIZATION_PREFERS_STRING_CATALOGS = YES;
				MTL_ENABLE_DEBUG_INFO = NO;
				MTL_FAST_MATH = YES;
				SDKROOT = iphoneos;
				SWIFT_COMPILATION_MODE = wholemodule;
				VALIDATE_PRODUCT = YES;
			};
			name = Release;
		};
		ECC6C5F22C15FA020014F070 /* Debug */ = {
			isa = XCBuildConfiguration;
			buildSettings = {
				ASSETCATALOG_COMPILER_APPICON_NAME = AppIcon;
				ASSETCATALOG_COMPILER_GLOBAL_ACCENT_COLOR_NAME = AccentColor;
				CODE_SIGN_STYLE = Automatic;
				CURRENT_PROJECT_VERSION = 1;
				DEVELOPMENT_ASSET_PATHS = "\"Scrumdinger/Preview Content\"";
				ENABLE_PREVIEWS = YES;
				GENERATE_INFOPLIST_FILE = YES;
				INFOPLIST_KEY_UIApplicationSceneManifest_Generation = YES;
				INFOPLIST_KEY_UIApplicationSupportsIndirectInputEvents = YES;
				INFOPLIST_KEY_UILaunchScreen_Generation = YES;
				INFOPLIST_KEY_UISupportedInterfaceOrientations_iPad = "UIInterfaceOrientationPortrait UIInterfaceOrientationPortraitUpsideDown UIInterfaceOrientationLandscapeLeft UIInterfaceOrientationLandscapeRight";
				INFOPLIST_KEY_UISupportedInterfaceOrientations_iPhone = "UIInterfaceOrientationPortrait UIInterfaceOrientationLandscapeLeft UIInterfaceOrientationLandscapeRight";
				LD_RUNPATH_SEARCH_PATHS = (
					"$(inherited)",
					"@executable_path/Frameworks",
				);
				MARKETING_VERSION = 1.0;
				PRODUCT_BUNDLE_IDENTIFIER = Myself.Scrumdinger;
				PRODUCT_NAME = "$(TARGET_NAME)";
				SWIFT_EMIT_LOC_STRINGS = YES;
				SWIFT_VERSION = 5.0;
				TARGETED_DEVICE_FAMILY = "1,2";
			};
			name = Debug;
		};
		ECC6C5F32C15FA020014F070 /* Release */ = {
			isa = XCBuildConfiguration;
			buildSettings = {
				ASSETCATALOG_COMPILER_APPICON_NAME = AppIcon;
				ASSETCATALOG_COMPILER_GLOBAL_ACCENT_COLOR_NAME = AccentColor;
				CODE_SIGN_STYLE = Automatic;
				CURRENT_PROJECT_VERSION = 1;
				DEVELOPMENT_ASSET_PATHS = "\"Scrumdinger/Preview Content\"";
				ENABLE_PREVIEWS = YES;
				GENERATE_INFOPLIST_FILE = YES;
				INFOPLIST_KEY_UIApplicationSceneManifest_Generation = YES;
				INFOPLIST_KEY_UIApplicationSupportsIndirectInputEvents = YES;
				INFOPLIST_KEY_UILaunchScreen_Generation = YES;
				INFOPLIST_KEY_UISupportedInterfaceOrientations_iPad = "UIInterfaceOrientationPortrait UIInterfaceOrientationPortraitUpsideDown UIInterfaceOrientationLandscapeLeft UIInterfaceOrientationLandscapeRight";
				INFOPLIST_KEY_UISupportedInterfaceOrientations_iPhone = "UIInterfaceOrientationPortrait UIInterfaceOrientationLandscapeLeft UIInterfaceOrientationLandscapeRight";
				LD_RUNPATH_SEARCH_PATHS = (
					"$(inherited)",
					"@executable_path/Frameworks",
				);
				MARKETING_VERSION = 1.0;
				PRODUCT_BUNDLE_IDENTIFIER = Myself.Scrumdinger;
				PRODUCT_NAME = "$(TARGET_NAME)";
				SWIFT_EMIT_LOC_STRINGS = YES;
				SWIFT_VERSION = 5.0;
				TARGETED_DEVICE_FAMILY = "1,2";
			};
			name = Release;
		};
		ECC6C5F52C15FA020014F070 /* Debug */ = {
			isa = XCBuildConfiguration;
			buildSettings = {
				ALWAYS_EMBED_SWIFT_STANDARD_LIBRARIES = YES;
				BUNDLE_LOADER = "$(TEST_HOST)";
				CODE_SIGN_STYLE = Automatic;
				CURRENT_PROJECT_VERSION = 1;
				GENERATE_INFOPLIST_FILE = YES;
				IPHONEOS_DEPLOYMENT_TARGET = 17.5;
				MARKETING_VERSION = 1.0;
				PRODUCT_BUNDLE_IDENTIFIER = Myself.ScrumdingerTests;
				PRODUCT_NAME = "$(TARGET_NAME)";
				SWIFT_EMIT_LOC_STRINGS = NO;
				SWIFT_VERSION = 5.0;
				TARGETED_DEVICE_FAMILY = "1,2";
				TEST_HOST = "$(BUILT_PRODUCTS_DIR)/Scrumdinger.app/$(BUNDLE_EXECUTABLE_FOLDER_PATH)/Scrumdinger";
			};
			name = Debug;
		};
		ECC6C5F62C15FA020014F070 /* Release */ = {
			isa = XCBuildConfiguration;
			buildSettings = {
				ALWAYS_EMBED_SWIFT_STANDARD_LIBRARIES = YES;
				BUNDLE_LOADER = "$(TEST_HOST)";
				CODE_SIGN_STYLE = Automatic;
				CURRENT_PROJECT_VERSION = 1;
				GENERATE_INFOPLIST_FILE = YES;
				IPHONEOS_DEPLOYMENT_TARGET = 17.5;
				MARKETING_VERSION = 1.0;
				PRODUCT_BUNDLE_IDENTIFIER = Myself.ScrumdingerTests;
				PRODUCT_NAME = "$(TARGET_NAME)";
				SWIFT_EMIT_LOC_STRINGS = NO;
				SWIFT_VERSION = 5.0;
				TARGETED_DEVICE_FAMILY = "1,2";
				TEST_HOST = "$(BUILT_PRODUCTS_DIR)/Scrumdinger.app/$(BUNDLE_EXECUTABLE_FOLDER_PATH)/Scrumdinger";
			};
			name = Release;
		};
		ECC6C5F82C15FA020014F070 /* Debug */ = {
			isa = XCBuildConfiguration;
			buildSettings = {
				ALWAYS_EMBED_SWIFT_STANDARD_LIBRARIES = YES;
				CODE_SIGN_STYLE = Automatic;
				CURRENT_PROJECT_VERSION = 1;
				GENERATE_INFOPLIST_FILE = YES;
				MARKETING_VERSION = 1.0;
				PRODUCT_BUNDLE_IDENTIFIER = Myself.ScrumdingerUITests;
				PRODUCT_NAME = "$(TARGET_NAME)";
				SWIFT_EMIT_LOC_STRINGS = NO;
				SWIFT_VERSION = 5.0;
				TARGETED_DEVICE_FAMILY = "1,2";
				TEST_TARGET_NAME = Scrumdinger;
			};
			name = Debug;
		};
		ECC6C5F92C15FA020014F070 /* Release */ = {
			isa = XCBuildConfiguration;
			buildSettings = {
				ALWAYS_EMBED_SWIFT_STANDARD_LIBRARIES = YES;
				CODE_SIGN_STYLE = Automatic;
				CURRENT_PROJECT_VERSION = 1;
				GENERATE_INFOPLIST_FILE = YES;
				MARKETING_VERSION = 1.0;
				PRODUCT_BUNDLE_IDENTIFIER = Myself.ScrumdingerUITests;
				PRODUCT_NAME = "$(TARGET_NAME)";
				SWIFT_EMIT_LOC_STRINGS = NO;
				SWIFT_VERSION = 5.0;
				TARGETED_DEVICE_FAMILY = "1,2";
				TEST_TARGET_NAME = Scrumdinger;
			};
			name = Release;
		};
/* End XCBuildConfiguration section */

/* Begin XCConfigurationList section */
		ECC6C5C82C15FA010014F070 /* Build configuration list for PBXProject "Scrumdinger" */ = {
			isa = XCConfigurationList;
			buildConfigurations = (
				ECC6C5EF2C15FA020014F070 /* Debug */,
				ECC6C5F02C15FA020014F070 /* Release */,
			);
			defaultConfigurationIsVisible = 0;
			defaultConfigurationName = Release;
		};
		ECC6C5F12C15FA020014F070 /* Build configuration list for PBXNativeTarget "Scrumdinger" */ = {
			isa = XCConfigurationList;
			buildConfigurations = (
				ECC6C5F22C15FA020014F070 /* Debug */,
				ECC6C5F32C15FA020014F070 /* Release */,
			);
			defaultConfigurationIsVisible = 0;
			defaultConfigurationName = Release;
		};
		ECC6C5F42C15FA020014F070 /* Build configuration list for PBXNativeTarget "ScrumdingerTests" */ = {
			isa = XCConfigurationList;
			buildConfigurations = (
				ECC6C5F52C15FA020014F070 /* Debug */,
				ECC6C5F62C15FA020014F070 /* Release */,
			);
			defaultConfigurationIsVisible = 0;
			defaultConfigurationName = Release;
		};
		ECC6C5F72C15FA020014F070 /* Build configuration list for PBXNativeTarget "ScrumdingerUITests" */ = {
			isa = XCConfigurationList;
			buildConfigurations = (
				ECC6C5F82C15FA020014F070 /* Debug */,
				ECC6C5F92C15FA020014F070 /* Release */,
			);
			defaultConfigurationIsVisible = 0;
			defaultConfigurationName = Release;
		};
/* End XCConfigurationList section */
	};
	rootObject = ECC6C5C52C15FA010014F070 /* Project object */;
}
